// !$*UTF8*$!
{
	archiveVersion = 1;
	classes = {
	};
	objectVersion = 46;
	objects = {

/* Begin PBXBuildFile section */
		EA221F801D848BA00098E4D4 /* AppDelegate.swift in Sources */ = {isa = PBXBuildFile; fileRef = EA221F7F1D848BA00098E4D4 /* AppDelegate.swift */; };
		EA221F821D848BA00098E4D4 /* MapViewController.swift in Sources */ = {isa = PBXBuildFile; fileRef = EA221F811D848BA00098E4D4 /* MapViewController.swift */; };
		EA221F851D848BA00098E4D4 /* Main.storyboard in Resources */ = {isa = PBXBuildFile; fileRef = EA221F831D848BA00098E4D4 /* Main.storyboard */; };
		EA221F871D848BA00098E4D4 /* Assets.xcassets in Resources */ = {isa = PBXBuildFile; fileRef = EA221F861D848BA00098E4D4 /* Assets.xcassets */; };
		EA221F8A1D848BA00098E4D4 /* LaunchScreen.storyboard in Resources */ = {isa = PBXBuildFile; fileRef = EA221F881D848BA00098E4D4 /* LaunchScreen.storyboard */; };
		EA221F931D848BDE0098E4D4 /* CoreDataStack.swift in Sources */ = {isa = PBXBuildFile; fileRef = EA221F921D848BDE0098E4D4 /* CoreDataStack.swift */; };
		EA221F951D84A3CB0098E4D4 /* Utilities.swift in Sources */ = {isa = PBXBuildFile; fileRef = EA221F941D84A3CB0098E4D4 /* Utilities.swift */; };
		EA221F9A1D84F6C50098E4D4 /* FlickrClient.swift in Sources */ = {isa = PBXBuildFile; fileRef = EA221F991D84F6C50098E4D4 /* FlickrClient.swift */; };
		EA221F9C1D84FCA90098E4D4 /* Networkable.swift in Sources */ = {isa = PBXBuildFile; fileRef = EA221F9B1D84FCA90098E4D4 /* Networkable.swift */; };
		EA221FA11D85210B0098E4D4 /* Model.xcdatamodeld in Sources */ = {isa = PBXBuildFile; fileRef = EA221F9F1D85210B0098E4D4 /* Model.xcdatamodeld */; };
		EA221FA61D852BDA0098E4D4 /* Photo+CoreDataProperties.swift in Sources */ = {isa = PBXBuildFile; fileRef = EA221FA21D852BDA0098E4D4 /* Photo+CoreDataProperties.swift */; };
		EA221FA71D852BDA0098E4D4 /* Photo.swift in Sources */ = {isa = PBXBuildFile; fileRef = EA221FA31D852BDA0098E4D4 /* Photo.swift */; };
		EA221FA81D852BDA0098E4D4 /* Pin+CoreDataProperties.swift in Sources */ = {isa = PBXBuildFile; fileRef = EA221FA41D852BDA0098E4D4 /* Pin+CoreDataProperties.swift */; };
		EA221FA91D852BDA0098E4D4 /* Pin.swift in Sources */ = {isa = PBXBuildFile; fileRef = EA221FA51D852BDA0098E4D4 /* Pin.swift */; };
/* End PBXBuildFile section */

/* Begin PBXFileReference section */
		EA221F7C1D848BA00098E4D4 /* VirtualTourist.app */ = {isa = PBXFileReference; explicitFileType = wrapper.application; includeInIndex = 0; path = VirtualTourist.app; sourceTree = BUILT_PRODUCTS_DIR; };
		EA221F7F1D848BA00098E4D4 /* AppDelegate.swift */ = {isa = PBXFileReference; lastKnownFileType = sourcecode.swift; path = AppDelegate.swift; sourceTree = "<group>"; };
		EA221F811D848BA00098E4D4 /* MapViewController.swift */ = {isa = PBXFileReference; lastKnownFileType = sourcecode.swift; path = MapViewController.swift; sourceTree = "<group>"; };
		EA221F841D848BA00098E4D4 /* Base */ = {isa = PBXFileReference; lastKnownFileType = file.storyboard; name = Base; path = Base.lproj/Main.storyboard; sourceTree = "<group>"; };
		EA221F861D848BA00098E4D4 /* Assets.xcassets */ = {isa = PBXFileReference; lastKnownFileType = folder.assetcatalog; path = Assets.xcassets; sourceTree = "<group>"; };
		EA221F891D848BA00098E4D4 /* Base */ = {isa = PBXFileReference; lastKnownFileType = file.storyboard; name = Base; path = Base.lproj/LaunchScreen.storyboard; sourceTree = "<group>"; };
		EA221F8B1D848BA00098E4D4 /* Info.plist */ = {isa = PBXFileReference; lastKnownFileType = text.plist.xml; path = Info.plist; sourceTree = "<group>"; };
		EA221F921D848BDE0098E4D4 /* CoreDataStack.swift */ = {isa = PBXFileReference; fileEncoding = 4; lastKnownFileType = sourcecode.swift; name = CoreDataStack.swift; path = ../CoreDataStack.swift; sourceTree = "<group>"; };
		EA221F941D84A3CB0098E4D4 /* Utilities.swift */ = {isa = PBXFileReference; fileEncoding = 4; lastKnownFileType = sourcecode.swift; name = Utilities.swift; path = ../Utilities.swift; sourceTree = "<group>"; };
		EA221F991D84F6C50098E4D4 /* FlickrClient.swift */ = {isa = PBXFileReference; fileEncoding = 4; lastKnownFileType = sourcecode.swift; path = FlickrClient.swift; sourceTree = "<group>"; };
		EA221F9B1D84FCA90098E4D4 /* Networkable.swift */ = {isa = PBXFileReference; fileEncoding = 4; lastKnownFileType = sourcecode.swift; path = Networkable.swift; sourceTree = "<group>"; };
		EA221FA01D85210B0098E4D4 /* Model.xcdatamodel */ = {isa = PBXFileReference; lastKnownFileType = wrapper.xcdatamodel; path = Model.xcdatamodel; sourceTree = "<group>"; };
		EA221FA21D852BDA0098E4D4 /* Photo+CoreDataProperties.swift */ = {isa = PBXFileReference; fileEncoding = 4; lastKnownFileType = sourcecode.swift; path = "Photo+CoreDataProperties.swift"; sourceTree = "<group>"; };
		EA221FA31D852BDA0098E4D4 /* Photo.swift */ = {isa = PBXFileReference; fileEncoding = 4; lastKnownFileType = sourcecode.swift; path = Photo.swift; sourceTree = "<group>"; };
		EA221FA41D852BDA0098E4D4 /* Pin+CoreDataProperties.swift */ = {isa = PBXFileReference; fileEncoding = 4; lastKnownFileType = sourcecode.swift; path = "Pin+CoreDataProperties.swift"; sourceTree = "<group>"; };
		EA221FA51D852BDA0098E4D4 /* Pin.swift */ = {isa = PBXFileReference; fileEncoding = 4; lastKnownFileType = sourcecode.swift; path = Pin.swift; sourceTree = "<group>"; };
/* End PBXFileReference section */

/* Begin PBXFrameworksBuildPhase section */
		EA221F791D848BA00098E4D4 /* Frameworks */ = {
			isa = PBXFrameworksBuildPhase;
			buildActionMask = 2147483647;
			files = (
			);
			runOnlyForDeploymentPostprocessing = 0;
		};
/* End PBXFrameworksBuildPhase section */

/* Begin PBXGroup section */
		EA221F731D848BA00098E4D4 = {
			isa = PBXGroup;
			children = (
				EA221F7E1D848BA00098E4D4 /* VirtualTourist */,
				EA221F7D1D848BA00098E4D4 /* Products */,
			);
			sourceTree = "<group>";
		};
		EA221F7D1D848BA00098E4D4 /* Products */ = {
			isa = PBXGroup;
			children = (
				EA221F7C1D848BA00098E4D4 /* VirtualTourist.app */,
			);
			name = Products;
			sourceTree = "<group>";
		};
		EA221F7E1D848BA00098E4D4 /* VirtualTourist */ = {
			isa = PBXGroup;
			children = (
				EA221F981D84A6180098E4D4 /* View */,
				EA221F971D84A6130098E4D4 /* Controller */,
				EA221F961D84A6070098E4D4 /* Model */,
				EA221F7F1D848BA00098E4D4 /* AppDelegate.swift */,
				EA221F911D848BAF0098E4D4 /* SupportingFiles */,
			);
			path = VirtualTourist;
			sourceTree = "<group>";
		};
		EA221F911D848BAF0098E4D4 /* SupportingFiles */ = {
			isa = PBXGroup;
			children = (
				EA221F831D848BA00098E4D4 /* Main.storyboard */,
				EA221F861D848BA00098E4D4 /* Assets.xcassets */,
				EA221F881D848BA00098E4D4 /* LaunchScreen.storyboard */,
				EA221F8B1D848BA00098E4D4 /* Info.plist */,
			);
			name = SupportingFiles;
			sourceTree = "<group>";
		};
		EA221F961D84A6070098E4D4 /* Model */ = {
			isa = PBXGroup;
			children = (
				EA221FA21D852BDA0098E4D4 /* Photo+CoreDataProperties.swift */,
				EA221FA31D852BDA0098E4D4 /* Photo.swift */,
				EA221FA41D852BDA0098E4D4 /* Pin+CoreDataProperties.swift */,
				EA221FA51D852BDA0098E4D4 /* Pin.swift */,
				EA221F9F1D85210B0098E4D4 /* Model.xcdatamodeld */,
				EA221F991D84F6C50098E4D4 /* FlickrClient.swift */,
				EA221F9B1D84FCA90098E4D4 /* Networkable.swift */,
				EA221F921D848BDE0098E4D4 /* CoreDataStack.swift */,
				EA221F941D84A3CB0098E4D4 /* Utilities.swift */,
			);
			name = Model;
			sourceTree = "<group>";
		};
		EA221F971D84A6130098E4D4 /* Controller */ = {
			isa = PBXGroup;
			children = (
				EA221F811D848BA00098E4D4 /* MapViewController.swift */,
			);
			name = Controller;
			sourceTree = "<group>";
		};
		EA221F981D84A6180098E4D4 /* View */ = {
			isa = PBXGroup;
			children = (
			);
			name = View;
			sourceTree = "<group>";
		};
/* End PBXGroup section */

/* Begin PBXNativeTarget section */
		EA221F7B1D848BA00098E4D4 /* VirtualTourist */ = {
			isa = PBXNativeTarget;
			buildConfigurationList = EA221F8E1D848BA00098E4D4 /* Build configuration list for PBXNativeTarget "VirtualTourist" */;
			buildPhases = (
				EA221F781D848BA00098E4D4 /* Sources */,
				EA221F791D848BA00098E4D4 /* Frameworks */,
				EA221F7A1D848BA00098E4D4 /* Resources */,
			);
			buildRules = (
			);
			dependencies = (
			);
			name = VirtualTourist;
			productName = VirtualTourist;
			productReference = EA221F7C1D848BA00098E4D4 /* VirtualTourist.app */;
			productType = "com.apple.product-type.application";
		};
/* End PBXNativeTarget section */

/* Begin PBXProject section */
		EA221F741D848BA00098E4D4 /* Project object */ = {
			isa = PBXProject;
			attributes = {
				LastSwiftUpdateCheck = 0730;
				LastUpgradeCheck = 0730;
				ORGANIZATIONNAME = "Jason Lemrond";
				TargetAttributes = {
					EA221F7B1D848BA00098E4D4 = {
						CreatedOnToolsVersion = 7.3.1;
					};
				};
			};
			buildConfigurationList = EA221F771D848BA00098E4D4 /* Build configuration list for PBXProject "VirtualTourist" */;
			compatibilityVersion = "Xcode 3.2";
			developmentRegion = English;
			hasScannedForEncodings = 0;
			knownRegions = (
				en,
				Base,
			);
			mainGroup = EA221F731D848BA00098E4D4;
			productRefGroup = EA221F7D1D848BA00098E4D4 /* Products */;
			projectDirPath = "";
			projectRoot = "";
			targets = (
				EA221F7B1D848BA00098E4D4 /* VirtualTourist */,
			);
		};
/* End PBXProject section */

/* Begin PBXResourcesBuildPhase section */
		EA221F7A1D848BA00098E4D4 /* Resources */ = {
			isa = PBXResourcesBuildPhase;
			buildActionMask = 2147483647;
			files = (
				EA221F8A1D848BA00098E4D4 /* LaunchScreen.storyboard in Resources */,
				EA221F871D848BA00098E4D4 /* Assets.xcassets in Resources */,
				EA221F851D848BA00098E4D4 /* Main.storyboard in Resources */,
			);
			runOnlyForDeploymentPostprocessing = 0;
		};
/* End PBXResourcesBuildPhase section */

/* Begin PBXSourcesBuildPhase section */
		EA221F781D848BA00098E4D4 /* Sources */ = {
			isa = PBXSourcesBuildPhase;
			buildActionMask = 2147483647;
			files = (
				EA221F931D848BDE0098E4D4 /* CoreDataStack.swift in Sources */,
				EA221FA91D852BDA0098E4D4 /* Pin.swift in Sources */,
				EA221F9A1D84F6C50098E4D4 /* FlickrClient.swift in Sources */,
				EA221F821D848BA00098E4D4 /* MapViewController.swift in Sources */,
				EA221FA81D852BDA0098E4D4 /* Pin+CoreDataProperties.swift in Sources */,
				EA221FA71D852BDA0098E4D4 /* Photo.swift in Sources */,
				EA221FA11D85210B0098E4D4 /* Model.xcdatamodeld in Sources */,
				EA221F951D84A3CB0098E4D4 /* Utilities.swift in Sources */,
				EA221F9C1D84FCA90098E4D4 /* Networkable.swift in Sources */,
				EA221FA61D852BDA0098E4D4 /* Photo+CoreDataProperties.swift in Sources */,
				EA221F801D848BA00098E4D4 /* AppDelegate.swift in Sources */,
			);
			runOnlyForDeploymentPostprocessing = 0;
		};
/* End PBXSourcesBuildPhase section */

/* Begin PBXVariantGroup section */
		EA221F831D848BA00098E4D4 /* Main.storyboard */ = {
			isa = PBXVariantGroup;
			children = (
				EA221F841D848BA00098E4D4 /* Base */,
			);
			name = Main.storyboard;
			sourceTree = "<group>";
		};
		EA221F881D848BA00098E4D4 /* LaunchScreen.storyboard */ = {
			isa = PBXVariantGroup;
			children = (
				EA221F891D848BA00098E4D4 /* Base */,
			);
			name = LaunchScreen.storyboard;
			sourceTree = "<group>";
		};
/* End PBXVariantGroup section */

/* Begin XCBuildConfiguration section */
		EA221F8C1D848BA00098E4D4 /* Debug */ = {
			isa = XCBuildConfiguration;
			buildSettings = {
				ALWAYS_SEARCH_USER_PATHS = NO;
				CLANG_ANALYZER_NONNULL = YES;
				CLANG_CXX_LANGUAGE_STANDARD = "gnu++0x";
				CLANG_CXX_LIBRARY = "libc++";
				CLANG_ENABLE_MODULES = YES;
				CLANG_ENABLE_OBJC_ARC = YES;
				CLANG_WARN_BOOL_CONVERSION = YES;
				CLANG_WARN_CONSTANT_CONVERSION = YES;
				CLANG_WARN_DIRECT_OBJC_ISA_USAGE = YES_ERROR;
				CLANG_WARN_EMPTY_BODY = YES;
				CLANG_WARN_ENUM_CONVERSION = YES;
				CLANG_WARN_INT_CONVERSION = YES;
				CLANG_WARN_OBJC_ROOT_CLASS = YES_ERROR;
				CLANG_WARN_UNREACHABLE_CODE = YES;
				CLANG_WARN__DUPLICATE_METHOD_MATCH = YES;
				"CODE_SIGN_IDENTITY[sdk=iphoneos*]" = "iPhone Developer";
				COPY_PHASE_STRIP = NO;
				DEBUG_INFORMATION_FORMAT = dwarf;
				ENABLE_STRICT_OBJC_MSGSEND = YES;
				ENABLE_TESTABILITY = YES;
				GCC_C_LANGUAGE_STANDARD = gnu99;
				GCC_DYNAMIC_NO_PIC = NO;
				GCC_NO_COMMON_BLOCKS = YES;
				GCC_OPTIMIZATION_LEVEL = 0;
				GCC_PREPROCESSOR_DEFINITIONS = (
					"DEBUG=1",
					"$(inherited)",
				);
				GCC_WARN_64_TO_32_BIT_CONVERSION = YES;
				GCC_WARN_ABOUT_RETURN_TYPE = YES_ERROR;
				GCC_WARN_UNDECLARED_SELECTOR = YES;
				GCC_WARN_UNINITIALIZED_AUTOS = YES_AGGRESSIVE;
				GCC_WARN_UNUSED_FUNCTION = YES;
				GCC_WARN_UNUSED_VARIABLE = YES;
				IPHONEOS_DEPLOYMENT_TARGET = 9.3;
				MTL_ENABLE_DEBUG_INFO = YES;
				ONLY_ACTIVE_ARCH = YES;
				SDKROOT = iphoneos;
				SWIFT_OPTIMIZATION_LEVEL = "-Onone";
			};
			name = Debug;
		};
		EA221F8D1D848BA00098E4D4 /* Release */ = {
			isa = XCBuildConfiguration;
			buildSettings = {
				ALWAYS_SEARCH_USER_PATHS = NO;
				CLANG_ANALYZER_NONNULL = YES;
				CLANG_CXX_LANGUAGE_STANDARD = "gnu++0x";
				CLANG_CXX_LIBRARY = "libc++";
				CLANG_ENABLE_MODULES = YES;
				CLANG_ENABLE_OBJC_ARC = YES;
				CLANG_WARN_BOOL_CONVERSION = YES;
				CLANG_WARN_CONSTANT_CONVERSION = YES;
				CLANG_WARN_DIRECT_OBJC_ISA_USAGE = YES_ERROR;
				CLANG_WARN_EMPTY_BODY = YES;
				CLANG_WARN_ENUM_CONVERSION = YES;
				CLANG_WARN_INT_CONVERSION = YES;
				CLANG_WARN_OBJC_ROOT_CLASS = YES_ERROR;
				CLANG_WARN_UNREACHABLE_CODE = YES;
				CLANG_WARN__DUPLICATE_METHOD_MATCH = YES;
				"CODE_SIGN_IDENTITY[sdk=iphoneos*]" = "iPhone Developer";
				COPY_PHASE_STRIP = NO;
				DEBUG_INFORMATION_FORMAT = "dwarf-with-dsym";
				ENABLE_NS_ASSERTIONS = NO;
				ENABLE_STRICT_OBJC_MSGSEND = YES;
				GCC_C_LANGUAGE_STANDARD = gnu99;
				GCC_NO_COMMON_BLOCKS = YES;
				GCC_WARN_64_TO_32_BIT_CONVERSION = YES;
				GCC_WARN_ABOUT_RETURN_TYPE = YES_ERROR;
				GCC_WARN_UNDECLARED_SELECTOR = YES;
				GCC_WARN_UNINITIALIZED_AUTOS = YES_AGGRESSIVE;
				GCC_WARN_UNUSED_FUNCTION = YES;
				GCC_WARN_UNUSED_VARIABLE = YES;
				IPHONEOS_DEPLOYMENT_TARGET = 9.3;
				MTL_ENABLE_DEBUG_INFO = NO;
				SDKROOT = iphoneos;
				VALIDATE_PRODUCT = YES;
			};
			name = Release;
		};
		EA221F8F1D848BA00098E4D4 /* Debug */ = {
			isa = XCBuildConfiguration;
			buildSettings = {
				ASSETCATALOG_COMPILER_APPICON_NAME = AppIcon;
				INFOPLIST_FILE = VirtualTourist/Info.plist;
				LD_RUNPATH_SEARCH_PATHS = "$(inherited) @executable_path/Frameworks";
				PRODUCT_BUNDLE_IDENTIFIER = com.udacitystudent.VirtualTourist;
				PRODUCT_NAME = "$(TARGET_NAME)";
			};
			name = Debug;
		};
		EA221F901D848BA00098E4D4 /* Release */ = {
			isa = XCBuildConfiguration;
			buildSettings = {
				ASSETCATALOG_COMPILER_APPICON_NAME = AppIcon;
				INFOPLIST_FILE = VirtualTourist/Info.plist;
				LD_RUNPATH_SEARCH_PATHS = "$(inherited) @executable_path/Frameworks";
				PRODUCT_BUNDLE_IDENTIFIER = com.udacitystudent.VirtualTourist;
				PRODUCT_NAME = "$(TARGET_NAME)";
			};
			name = Release;
		};
/* End XCBuildConfiguration section */

/* Begin XCConfigurationList section */
		EA221F771D848BA00098E4D4 /* Build configuration list for PBXProject "VirtualTourist" */ = {
			isa = XCConfigurationList;
			buildConfigurations = (
				EA221F8C1D848BA00098E4D4 /* Debug */,
				EA221F8D1D848BA00098E4D4 /* Release */,
			);
			defaultConfigurationIsVisible = 0;
			defaultConfigurationName = Release;
		};
		EA221F8E1D848BA00098E4D4 /* Build configuration list for PBXNativeTarget "VirtualTourist" */ = {
			isa = XCConfigurationList;
			buildConfigurations = (
				EA221F8F1D848BA00098E4D4 /* Debug */,
				EA221F901D848BA00098E4D4 /* Release */,
			);
			defaultConfigurationIsVisible = 0;
		};
/* End XCConfigurationList section */

/* Begin XCVersionGroup section */
		EA221F9F1D85210B0098E4D4 /* Model.xcdatamodeld */ = {
			isa = XCVersionGroup;
			children = (
				EA221FA01D85210B0098E4D4 /* Model.xcdatamodel */,
			);
			currentVersion = EA221FA01D85210B0098E4D4 /* Model.xcdatamodel */;
			path = Model.xcdatamodeld;
			sourceTree = "<group>";
			versionGroupType = wrapper.xcdatamodel;
		};
/* End XCVersionGroup section */
	};
	rootObject = EA221F741D848BA00098E4D4 /* Project object */;
}
